
Microsoft Visual Studio Solution File, Format Version 12.00
# Visual Studio Version 17
VisualStudioVersion = 17.14.36414.22 d17.14
MinimumVisualStudioVersion = 10.0.40219.1
Project("{FAE04EC0-301F-11D3-BF4B-00C04F79EFBC}") = "ShortcutsReader", "ShortcutsReader.csproj", "{BE64E54E-0338-4EC6-8D56-600DF30AE035}"
EndProject
Global
	GlobalSection(SolutionConfigurationPlatforms) = preSolution
		Debug|Any CPU = Debug|Any CPU
		Release|Any CPU = Release|Any CPU
	EndGlobalSection
	GlobalSection(ProjectConfigurationPlatforms) = postSolution
		{BE64E54E-0338-4EC6-8D56-600DF30AE035}.Debug|Any CPU.ActiveCfg = Debug|Any CPU
		{BE64E54E-0338-4EC6-8D56-600DF30AE035}.Debug|Any CPU.Build.0 = Debug|Any CPU
		{BE64E54E-0338-4EC6-8D56-600DF30AE035}.Release|Any CPU.ActiveCfg = Release|Any CPU
		{BE64E54E-0338-4EC6-8D56-600DF30AE035}.Release|Any CPU.Build.0 = Release|Any CPU
	EndGlobalSection
	GlobalSection(SolutionProperties) = preSolution
		HideSolutionNode = FALSE
	EndGlobalSection
	GlobalSection(ExtensibilityGlobals) = postSolution
		SolutionGuid = {7708DC33-F62C-4D96-B952-F761DCCE8F20}
	EndGlobalSection
EndGlobal
